<?xml version="1.0" encoding="utf-8"?>
<Project ToolsVersion="4.0" xmlns="http://schemas.microsoft.com/developer/msbuild/2003">
  <ItemGroup>
    <ClCompile Include="HomeWork0329.cpp" />
    <ClCompile Include="ConsoleGameMath.cpp">
      <Filter>Level0</Filter>
    </ClCompile>
    <ClCompile Include="ConsoleGameScreen.cpp">
      <Filter>Level1</Filter>
    </ClCompile>
    <ClCompile Include="Player.cpp">
      <Filter>Level2</Filter>
    </ClCompile>
    <ClCompile Include="Bullet.cpp">
      <Filter>Level3</Filter>
    </ClCompile>
  </ItemGroup>
  <ItemGroup>
    <ClInclude Include="ConsoleGameMath.h">
      <Filter>Level0</Filter>
    </ClInclude>
    <ClInclude Include="ConsoleGameScreen.h">
      <Filter>Level1</Filter>
    </ClInclude>
    <ClInclude Include="Player.h">
      <Filter>Level2</Filter>
    </ClInclude>
    <ClInclude Include="Bullet.h">
      <Filter>Level3</Filter>
    </ClInclude>
  </ItemGroup>
  <ItemGroup>
    <Filter Include="Level0">
      <UniqueIdentifier>{098d6788-5e2f-4f40-881b-dda1e933d71d}</UniqueIdentifier>
    </Filter>
    <Filter Include="Level1">
      <UniqueIdentifier>{04c7a14f-3ab9-46e0-b35f-837ea7fbafa0}</UniqueIdentifier>
    </Filter>
    <Filter Include="Level2">
      <UniqueIdentifier>{e8e84e88-8082-4674-8208-6d6df4d18c18}</UniqueIdentifier>
    </Filter>
    <Filter Include="Level3">
      <UniqueIdentifier>{b333c8ec-4f85-4a35-8418-bb6edf2587c7}</UniqueIdentifier>
    </Filter>
  </ItemGroup>
</Project>